
Microsoft Visual Studio Solution File, Format Version 12.00
# Visual Studio Version 17
VisualStudioVersion = 17.13.35931.197 d17.13
MinimumVisualStudioVersion = 10.0.40219.1
Project("{FAE04EC0-301F-11D3-BF4B-00C04F79EFBC}") = "Ex13", "Ex13\Ex13.csproj", "{D7168B1D-9F63-440C-A224-FB5EDD089EE8}"
EndProject
Global
	GlobalSection(SolutionConfigurationPlatforms) = preSolution
		Debug|Any CPU = Debug|Any CPU
		Release|Any CPU = Release|Any CPU
	EndGlobalSection
	GlobalSection(ProjectConfigurationPlatforms) = postSolution
		{D7168B1D-9F63-440C-A224-FB5EDD089EE8}.Debug|Any CPU.ActiveCfg = Debug|Any CPU
		{D7168B1D-9F63-440C-A224-FB5EDD089EE8}.Debug|Any CPU.Build.0 = Debug|Any CPU
		{D7168B1D-9F63-440C-A224-FB5EDD089EE8}.Release|Any CPU.ActiveCfg = Release|Any CPU
		{D7168B1D-9F63-440C-A224-FB5EDD089EE8}.Release|Any CPU.Build.0 = Release|Any CPU
	EndGlobalSection
	GlobalSection(SolutionProperties) = preSolution
		HideSolutionNode = FALSE
	EndGlobalSection
	GlobalSection(ExtensibilityGlobals) = postSolution
		SolutionGuid = {CEC71A21-C7B4-4DFB-ADE7-545097791B68}
	EndGlobalSection
EndGlobal
