
Microsoft Visual Studio Solution File, Format Version 12.00
# Visual Studio Version 17
VisualStudioVersion = 17.13.35931.197 d17.13
MinimumVisualStudioVersion = 10.0.40219.1
Project("{FAE04EC0-301F-11D3-BF4B-00C04F79EFBC}") = "Ex9", "Ex9\Ex9.csproj", "{EE5AC3EF-8DCE-44FA-BD61-07796179579F}"
EndProject
Global
	GlobalSection(SolutionConfigurationPlatforms) = preSolution
		Debug|Any CPU = Debug|Any CPU
		Release|Any CPU = Release|Any CPU
	EndGlobalSection
	GlobalSection(ProjectConfigurationPlatforms) = postSolution
		{EE5AC3EF-8DCE-44FA-BD61-07796179579F}.Debug|Any CPU.ActiveCfg = Debug|Any CPU
		{EE5AC3EF-8DCE-44FA-BD61-07796179579F}.Debug|Any CPU.Build.0 = Debug|Any CPU
		{EE5AC3EF-8DCE-44FA-BD61-07796179579F}.Release|Any CPU.ActiveCfg = Release|Any CPU
		{EE5AC3EF-8DCE-44FA-BD61-07796179579F}.Release|Any CPU.Build.0 = Release|Any CPU
	EndGlobalSection
	GlobalSection(SolutionProperties) = preSolution
		HideSolutionNode = FALSE
	EndGlobalSection
	GlobalSection(ExtensibilityGlobals) = postSolution
		SolutionGuid = {E0983876-A418-4625-96B5-33426C7DC282}
	EndGlobalSection
EndGlobal
