
Microsoft Visual Studio Solution File, Format Version 12.00
# Visual Studio Version 17
VisualStudioVersion = 17.13.35931.197 d17.13
MinimumVisualStudioVersion = 10.0.40219.1
Project("{FAE04EC0-301F-11D3-BF4B-00C04F79EFBC}") = "Ex5", "Ex5\Ex5.csproj", "{F98506E9-A0FF-4761-8A66-A401DB23F9DD}"
EndProject
Global
	GlobalSection(SolutionConfigurationPlatforms) = preSolution
		Debug|Any CPU = Debug|Any CPU
		Release|Any CPU = Release|Any CPU
	EndGlobalSection
	GlobalSection(ProjectConfigurationPlatforms) = postSolution
		{F98506E9-A0FF-4761-8A66-A401DB23F9DD}.Debug|Any CPU.ActiveCfg = Debug|Any CPU
		{F98506E9-A0FF-4761-8A66-A401DB23F9DD}.Debug|Any CPU.Build.0 = Debug|Any CPU
		{F98506E9-A0FF-4761-8A66-A401DB23F9DD}.Release|Any CPU.ActiveCfg = Release|Any CPU
		{F98506E9-A0FF-4761-8A66-A401DB23F9DD}.Release|Any CPU.Build.0 = Release|Any CPU
	EndGlobalSection
	GlobalSection(SolutionProperties) = preSolution
		HideSolutionNode = FALSE
	EndGlobalSection
	GlobalSection(ExtensibilityGlobals) = postSolution
		SolutionGuid = {C43990C5-6653-49D3-89ED-B5B6D971D934}
	EndGlobalSection
EndGlobal
