
Microsoft Visual Studio Solution File, Format Version 12.00
# Visual Studio Version 17
VisualStudioVersion = 17.13.35931.197 d17.13
MinimumVisualStudioVersion = 10.0.40219.1
Project("{FAE04EC0-301F-11D3-BF4B-00C04F79EFBC}") = "Ex11", "Ex11\Ex11.csproj", "{EEC19DBD-E62F-4428-BC29-371C263B4DCF}"
EndProject
Global
	GlobalSection(SolutionConfigurationPlatforms) = preSolution
		Debug|Any CPU = Debug|Any CPU
		Release|Any CPU = Release|Any CPU
	EndGlobalSection
	GlobalSection(ProjectConfigurationPlatforms) = postSolution
		{EEC19DBD-E62F-4428-BC29-371C263B4DCF}.Debug|Any CPU.ActiveCfg = Debug|Any CPU
		{EEC19DBD-E62F-4428-BC29-371C263B4DCF}.Debug|Any CPU.Build.0 = Debug|Any CPU
		{EEC19DBD-E62F-4428-BC29-371C263B4DCF}.Release|Any CPU.ActiveCfg = Release|Any CPU
		{EEC19DBD-E62F-4428-BC29-371C263B4DCF}.Release|Any CPU.Build.0 = Release|Any CPU
	EndGlobalSection
	GlobalSection(SolutionProperties) = preSolution
		HideSolutionNode = FALSE
	EndGlobalSection
	GlobalSection(ExtensibilityGlobals) = postSolution
		SolutionGuid = {68FD69C2-2A6F-44DF-84D9-A478E4AED9CA}
	EndGlobalSection
EndGlobal
